<?xml version="1.0" encoding="utf-8"?>
<Project ToolsVersion="4.0" xmlns="http://schemas.microsoft.com/developer/msbuild/2003">
  <ItemGroup>
    <Filter Include="Source Files">
      <UniqueIdentifier>{4FC737F1-C7A5-4376-A066-2A32D752A2FF}</UniqueIdentifier>
      <Extensions>cpp;c;cc;cxx;c++;cppm;ixx;def;odl;idl;hpj;bat;asm;asmx</Extensions>
    </Filter>
    <Filter Include="Header Files">
      <UniqueIdentifier>{93995380-89BD-4b04-88EB-625FBE52EBFB}</UniqueIdentifier>
      <Extensions>h;hh;hpp;hxx;h++;hm;inl;inc;ipp;xsd</Extensions>
    </Filter>
    <Filter Include="Resource Files">
      <UniqueIdentifier>{67DA6AB6-F800-4c08-8B7A-83BB121AAD01}</UniqueIdentifier>
      <Extensions>rc;ico;cur;bmp;dlg;rc2;rct;bin;rgs;gif;jpg;jpeg;jpe;resx;tiff;tif;png;wav;mfcribbon-ms</Extensions>
    </Filter>
    <Filter Include="Components">
      <UniqueIdentifier>{eec64acd-8da6-43f5-90cd-95c6892f2d98}</UniqueIdentifier>
    </Filter>
    <Filter Include="Factory">
      <UniqueIdentifier>{7acbc7f1-6116-4917-b9b1-91397c2e64b5}</UniqueIdentifier>
    </Filter>
    <Filter Include="Commands">
      <UniqueIdentifier>{22f018a1-3572-4e4f-914f-416205c12a0a}</UniqueIdentifier>
    </Filter>
    <Filter Include="Components\Level">
      <UniqueIdentifier>{c444c7c0-c0c3-416b-9dda-bec78c2b5bbd}</UniqueIdentifier>
    </Filter>
    <Filter Include="Components\Movement">
      <UniqueIdentifier>{5456c3b3-393f-4eaf-ba36-1d7a7ed6b0dd}</UniqueIdentifier>
    </Filter>
    <Filter Include="Components\Data">
      <UniqueIdentifier>{bf3cf0cc-8825-461a-83d4-d8da749ad167}</UniqueIdentifier>
    </Filter>
    <Filter Include="AI">
      <UniqueIdentifier>{194b8f6c-d2dc-4b19-a1ab-8cae6dd2106d}</UniqueIdentifier>
    </Filter>
    <Filter Include="AI\Behaviors">
      <UniqueIdentifier>{1a8b9d87-e5b8-4bb0-8394-c661d89db96a}</UniqueIdentifier>
    </Filter>
  </ItemGroup>
  <ItemGroup>
    <ClCompile Include="QBertGame.cpp">
      <Filter>Source Files</Filter>
    </ClCompile>
    <ClCompile Include="GameSetup.cpp">
      <Filter>Source Files</Filter>
    </ClCompile>
    <ClCompile Include="TileFactory.cpp">
      <Filter>Factory</Filter>
    </ClCompile>
    <ClCompile Include="LevelFactory.cpp">
      <Filter>Factory</Filter>
    </ClCompile>
    <ClCompile Include="MoveCommand.cpp">
      <Filter>Commands</Filter>
    </ClCompile>
    <ClCompile Include="StateComponent.cpp">
      <Filter>Components</Filter>
    </ClCompile>
    <ClCompile Include="LevelComponent.cpp">
      <Filter>Components\Level</Filter>
    </ClCompile>
    <ClCompile Include="JumpComponent.cpp">
      <Filter>Components\Movement</Filter>
    </ClCompile>
    <ClCompile Include="MovementComponent.cpp">
      <Filter>Components\Movement</Filter>
    </ClCompile>
    <ClCompile Include="PlayerDataComponent.cpp">
      <Filter>Components\Data</Filter>
    </ClCompile>
    <ClCompile Include="LifeTrackerComponent.cpp">
      <Filter>Components\Data</Filter>
    </ClCompile>
    <ClCompile Include="ControlledMovementComponent.cpp">
      <Filter>Components\Movement</Filter>
    </ClCompile>
    <ClCompile Include="TileComponent.cpp">
      <Filter>Components\Level</Filter>
    </ClCompile>
    <ClCompile Include="QBertFactory.cpp">
      <Filter>Factory</Filter>
    </ClCompile>
    <ClCompile Include="BehaviorMovementComponent.cpp">
      <Filter>Components\Movement</Filter>
    </ClCompile>
    <ClCompile Include="TumbleBehavior.cpp">
      <Filter>AI\Behaviors</Filter>
    </ClCompile>
    <ClCompile Include="EnemyFactory.cpp">
      <Filter>Factory</Filter>
    </ClCompile>
  </ItemGroup>
  <ItemGroup>
    <ClInclude Include="GameSetup.h">
      <Filter>Header Files</Filter>
    </ClInclude>
    <ClInclude Include="TileFactory.h">
      <Filter>Factory</Filter>
    </ClInclude>
    <ClInclude Include="LevelFactory.h">
      <Filter>Factory</Filter>
    </ClInclude>
    <ClInclude Include="MoveCommand.h">
      <Filter>Commands</Filter>
    </ClInclude>
    <ClInclude Include="StateComponent.h">
      <Filter>Components</Filter>
    </ClInclude>
    <ClInclude Include="json.hpp">
      <Filter>Header Files</Filter>
    </ClInclude>
    <ClInclude Include="LevelComponent.h">
      <Filter>Components\Level</Filter>
    </ClInclude>
    <ClInclude Include="JumpComponent.h">
      <Filter>Components\Movement</Filter>
    </ClInclude>
    <ClInclude Include="MovementComponent.h">
      <Filter>Components\Movement</Filter>
    </ClInclude>
    <ClInclude Include="PlayerDataComponent.h">
      <Filter>Components\Data</Filter>
    </ClInclude>
    <ClInclude Include="LifeTrackerComponent.h">
      <Filter>Components\Data</Filter>
    </ClInclude>
    <ClInclude Include="ControlledMovementComponent.h">
      <Filter>Components\Movement</Filter>
    </ClInclude>
    <ClInclude Include="TileComponent.h">
      <Filter>Components\Level</Filter>
    </ClInclude>
    <ClInclude Include="QBertFactory.h">
      <Filter>Factory</Filter>
    </ClInclude>
    <ClInclude Include="BehaviorMovementComponent.h">
      <Filter>Components\Movement</Filter>
    </ClInclude>
    <ClInclude Include="IMovementBehavior.h">
      <Filter>AI\Behaviors</Filter>
    </ClInclude>
    <ClInclude Include="TumbleBehavior.h">
      <Filter>AI\Behaviors</Filter>
    </ClInclude>
    <ClInclude Include="EnemyFactory.h">
      <Filter>Factory</Filter>
    </ClInclude>
  </ItemGroup>
</Project>